
Microsoft Visual Studio Solution File, Format Version 12.00
# Visual Studio Version 17
VisualStudioVersion = 17.0.32126.317
MinimumVisualStudioVersion = 10.0.40219.1
Project("{FAE04EC0-301F-11D3-BF4B-00C04F79EFBC}") = "BenTalkingServiceLib", "BenTalkingServiceLib\BenTalkingServiceLib.csproj", "{56D74426-242D-49D4-A903-5F05F36929D0}"
EndProject
Project("{FAE04EC0-301F-11D3-BF4B-00C04F79EFBC}") = "BenTalkingServiceHost", "BenTalkingServiceHost\BenTalkingServiceHost.csproj", "{A508E414-A983-40D9-8D56-5BC0193A7B1E}"
EndProject
Project("{FAE04EC0-301F-11D3-BF4B-00C04F79EFBC}") = "BenTalkingServiceClient", "BenTalkingServiceClient\BenTalkingServiceClient.csproj", "{5D2932B8-B337-461C-A7C1-F15EBAE1F8DA}"
EndProject
Global
	GlobalSection(SolutionConfigurationPlatforms) = preSolution
		Debug|Any CPU = Debug|Any CPU
		Release|Any CPU = Release|Any CPU
	EndGlobalSection
	GlobalSection(ProjectConfigurationPlatforms) = postSolution
		{56D74426-242D-49D4-A903-5F05F36929D0}.Debug|Any CPU.ActiveCfg = Debug|Any CPU
		{56D74426-242D-49D4-A903-5F05F36929D0}.Debug|Any CPU.Build.0 = Debug|Any CPU
		{56D74426-242D-49D4-A903-5F05F36929D0}.Release|Any CPU.ActiveCfg = Release|Any CPU
		{56D74426-242D-49D4-A903-5F05F36929D0}.Release|Any CPU.Build.0 = Release|Any CPU
		{A508E414-A983-40D9-8D56-5BC0193A7B1E}.Debug|Any CPU.ActiveCfg = Debug|Any CPU
		{A508E414-A983-40D9-8D56-5BC0193A7B1E}.Debug|Any CPU.Build.0 = Debug|Any CPU
		{A508E414-A983-40D9-8D56-5BC0193A7B1E}.Release|Any CPU.ActiveCfg = Release|Any CPU
		{A508E414-A983-40D9-8D56-5BC0193A7B1E}.Release|Any CPU.Build.0 = Release|Any CPU
		{5D2932B8-B337-461C-A7C1-F15EBAE1F8DA}.Debug|Any CPU.ActiveCfg = Debug|Any CPU
		{5D2932B8-B337-461C-A7C1-F15EBAE1F8DA}.Debug|Any CPU.Build.0 = Debug|Any CPU
		{5D2932B8-B337-461C-A7C1-F15EBAE1F8DA}.Release|Any CPU.ActiveCfg = Release|Any CPU
		{5D2932B8-B337-461C-A7C1-F15EBAE1F8DA}.Release|Any CPU.Build.0 = Release|Any CPU
	EndGlobalSection
	GlobalSection(SolutionProperties) = preSolution
		HideSolutionNode = FALSE
	EndGlobalSection
	GlobalSection(ExtensibilityGlobals) = postSolution
		SolutionGuid = {BA827A3B-6E58-4496-99FB-36121BC2D306}
	EndGlobalSection
EndGlobal
