
Microsoft Visual Studio Solution File, Format Version 12.00
# Visual Studio Version 17
VisualStudioVersion = 17.0.32126.317
MinimumVisualStudioVersion = 10.0.40219.1
Project("{FAE04EC0-301F-11D3-BF4B-00C04F79EFBC}") = "SkillBoxCourseCSharp", "SkillBoxCourseCSharp\SkillBoxCourseCSharp.csproj", "{D3FCD219-2BCA-4524-81ED-55B0E2DFA87C}"
EndProject
Global
	GlobalSection(SolutionConfigurationPlatforms) = preSolution
		Debug|Any CPU = Debug|Any CPU
		Release|Any CPU = Release|Any CPU
	EndGlobalSection
	GlobalSection(ProjectConfigurationPlatforms) = postSolution
		{D3FCD219-2BCA-4524-81ED-55B0E2DFA87C}.Debug|Any CPU.ActiveCfg = Debug|Any CPU
		{D3FCD219-2BCA-4524-81ED-55B0E2DFA87C}.Debug|Any CPU.Build.0 = Debug|Any CPU
		{D3FCD219-2BCA-4524-81ED-55B0E2DFA87C}.Release|Any CPU.ActiveCfg = Release|Any CPU
		{D3FCD219-2BCA-4524-81ED-55B0E2DFA87C}.Release|Any CPU.Build.0 = Release|Any CPU
	EndGlobalSection
	GlobalSection(SolutionProperties) = preSolution
		HideSolutionNode = FALSE
	EndGlobalSection
	GlobalSection(ExtensibilityGlobals) = postSolution
		SolutionGuid = {17389851-B991-45F5-BEBF-1BEAC825C0CC}
	EndGlobalSection
EndGlobal
